
Microsoft Visual Studio Solution File, Format Version 12.00
# Visual Studio 15
VisualStudioVersion = 15.0.28010.2019
MinimumVisualStudioVersion = 10.0.40219.1
Project("{8BC9CEB8-8B4A-11D0-8D11-00A0C91BC942}") = "Array8", "Array8\Array8.vcxproj", "{EBB54EA6-9909-4182-9A05-308741B34264}"
EndProject
Project("{8BC9CEB8-8B4A-11D0-8D11-00A0C91BC942}") = "Array15", "Array15\Array15.vcxproj", "{FE111357-592A-4B14-AADA-FEDE9383B28C}"
EndProject
Project("{8BC9CEB8-8B4A-11D0-8D11-00A0C91BC942}") = "Array20", "Array20\Array20.vcxproj", "{E641A626-793E-40E8-B299-507BD7CFCB60}"
EndProject
Project("{8BC9CEB8-8B4A-11D0-8D11-00A0C91BC942}") = "Array32", "Array32\Array32.vcxproj", "{4887E9CE-7082-4BCB-9A07-908C88F87E93}"
EndProject
Project("{8BC9CEB8-8B4A-11D0-8D11-00A0C91BC942}") = "Array44", "Array44\Array44.vcxproj", "{0AFF7822-69D8-4795-A71B-200FA38A0AD1}"
EndProject
Project("{8BC9CEB8-8B4A-11D0-8D11-00A0C91BC942}") = "Array56", "Array56\Array56.vcxproj", "{4A8C8D37-E53A-4445-B204-D30BA56AE565}"
EndProject
Project("{8BC9CEB8-8B4A-11D0-8D11-00A0C91BC942}") = "Array68", "Array68\Array68.vcxproj", "{662C69EC-3334-4AD8-B6CA-0CD63844F058}"
EndProject
Project("{8BC9CEB8-8B4A-11D0-8D11-00A0C91BC942}") = "Array80", "Array80\Array80.vcxproj", "{28D9A234-D958-41F4-B1D9-0B489757EE12}"
EndProject
Project("{8BC9CEB8-8B4A-11D0-8D11-00A0C91BC942}") = "Array92", "Array92\Array92.vcxproj", "{EA71BFD8-59A0-4882-A0D1-2575E7B655A3}"
EndProject
Project("{8BC9CEB8-8B4A-11D0-8D11-00A0C91BC942}") = "Array104", "Array104\Array104.vcxproj", "{217CEEFE-41D9-44B0-8367-DDF60C9BFD40}"
EndProject
Project("{8BC9CEB8-8B4A-11D0-8D11-00A0C91BC942}") = "Array116", "Array116\Array116.vcxproj", "{C66B9252-05F2-40D0-B495-A6DF8BCAB5F2}"
EndProject
Project("{8BC9CEB8-8B4A-11D0-8D11-00A0C91BC942}") = "Array128", "Array128\Array128.vcxproj", "{EE7E13A5-2133-4C6E-9F07-E4C08A370CDE}"
EndProject
Project("{8BC9CEB8-8B4A-11D0-8D11-00A0C91BC942}") = "Array140", "Array140\Array140.vcxproj", "{71C67198-1AAF-4C97-9AAE-798F767E6745}"
EndProject
Global
	GlobalSection(SolutionConfigurationPlatforms) = preSolution
		Debug|x64 = Debug|x64
		Debug|x86 = Debug|x86
		Release|x64 = Release|x64
		Release|x86 = Release|x86
	EndGlobalSection
	GlobalSection(ProjectConfigurationPlatforms) = postSolution
		{EBB54EA6-9909-4182-9A05-308741B34264}.Debug|x64.ActiveCfg = Debug|x64
		{EBB54EA6-9909-4182-9A05-308741B34264}.Debug|x64.Build.0 = Debug|x64
		{EBB54EA6-9909-4182-9A05-308741B34264}.Debug|x86.ActiveCfg = Debug|Win32
		{EBB54EA6-9909-4182-9A05-308741B34264}.Debug|x86.Build.0 = Debug|Win32
		{EBB54EA6-9909-4182-9A05-308741B34264}.Release|x64.ActiveCfg = Release|x64
		{EBB54EA6-9909-4182-9A05-308741B34264}.Release|x64.Build.0 = Release|x64
		{EBB54EA6-9909-4182-9A05-308741B34264}.Release|x86.ActiveCfg = Release|Win32
		{EBB54EA6-9909-4182-9A05-308741B34264}.Release|x86.Build.0 = Release|Win32
		{FE111357-592A-4B14-AADA-FEDE9383B28C}.Debug|x64.ActiveCfg = Debug|x64
		{FE111357-592A-4B14-AADA-FEDE9383B28C}.Debug|x64.Build.0 = Debug|x64
		{FE111357-592A-4B14-AADA-FEDE9383B28C}.Debug|x86.ActiveCfg = Debug|Win32
		{FE111357-592A-4B14-AADA-FEDE9383B28C}.Debug|x86.Build.0 = Debug|Win32
		{FE111357-592A-4B14-AADA-FEDE9383B28C}.Release|x64.ActiveCfg = Release|x64
		{FE111357-592A-4B14-AADA-FEDE9383B28C}.Release|x64.Build.0 = Release|x64
		{FE111357-592A-4B14-AADA-FEDE9383B28C}.Release|x86.ActiveCfg = Release|Win32
		{FE111357-592A-4B14-AADA-FEDE9383B28C}.Release|x86.Build.0 = Release|Win32
		{E641A626-793E-40E8-B299-507BD7CFCB60}.Debug|x64.ActiveCfg = Debug|x64
		{E641A626-793E-40E8-B299-507BD7CFCB60}.Debug|x64.Build.0 = Debug|x64
		{E641A626-793E-40E8-B299-507BD7CFCB60}.Debug|x86.ActiveCfg = Debug|Win32
		{E641A626-793E-40E8-B299-507BD7CFCB60}.Debug|x86.Build.0 = Debug|Win32
		{E641A626-793E-40E8-B299-507BD7CFCB60}.Release|x64.ActiveCfg = Release|x64
		{E641A626-793E-40E8-B299-507BD7CFCB60}.Release|x64.Build.0 = Release|x64
		{E641A626-793E-40E8-B299-507BD7CFCB60}.Release|x86.ActiveCfg = Release|Win32
		{E641A626-793E-40E8-B299-507BD7CFCB60}.Release|x86.Build.0 = Release|Win32
		{4887E9CE-7082-4BCB-9A07-908C88F87E93}.Debug|x64.ActiveCfg = Debug|x64
		{4887E9CE-7082-4BCB-9A07-908C88F87E93}.Debug|x64.Build.0 = Debug|x64
		{4887E9CE-7082-4BCB-9A07-908C88F87E93}.Debug|x86.ActiveCfg = Debug|Win32
		{4887E9CE-7082-4BCB-9A07-908C88F87E93}.Debug|x86.Build.0 = Debug|Win32
		{4887E9CE-7082-4BCB-9A07-908C88F87E93}.Release|x64.ActiveCfg = Release|x64
		{4887E9CE-7082-4BCB-9A07-908C88F87E93}.Release|x64.Build.0 = Release|x64
		{4887E9CE-7082-4BCB-9A07-908C88F87E93}.Release|x86.ActiveCfg = Release|Win32
		{4887E9CE-7082-4BCB-9A07-908C88F87E93}.Release|x86.Build.0 = Release|Win32
		{0AFF7822-69D8-4795-A71B-200FA38A0AD1}.Debug|x64.ActiveCfg = Debug|x64
		{0AFF7822-69D8-4795-A71B-200FA38A0AD1}.Debug|x64.Build.0 = Debug|x64
		{0AFF7822-69D8-4795-A71B-200FA38A0AD1}.Debug|x86.ActiveCfg = Debug|Win32
		{0AFF7822-69D8-4795-A71B-200FA38A0AD1}.Debug|x86.Build.0 = Debug|Win32
		{0AFF7822-69D8-4795-A71B-200FA38A0AD1}.Release|x64.ActiveCfg = Release|x64
		{0AFF7822-69D8-4795-A71B-200FA38A0AD1}.Release|x64.Build.0 = Release|x64
		{0AFF7822-69D8-4795-A71B-200FA38A0AD1}.Release|x86.ActiveCfg = Release|Win32
		{0AFF7822-69D8-4795-A71B-200FA38A0AD1}.Release|x86.Build.0 = Release|Win32
		{4A8C8D37-E53A-4445-B204-D30BA56AE565}.Debug|x64.ActiveCfg = Debug|x64
		{4A8C8D37-E53A-4445-B204-D30BA56AE565}.Debug|x64.Build.0 = Debug|x64
		{4A8C8D37-E53A-4445-B204-D30BA56AE565}.Debug|x86.ActiveCfg = Debug|Win32
		{4A8C8D37-E53A-4445-B204-D30BA56AE565}.Debug|x86.Build.0 = Debug|Win32
		{4A8C8D37-E53A-4445-B204-D30BA56AE565}.Release|x64.ActiveCfg = Release|x64
		{4A8C8D37-E53A-4445-B204-D30BA56AE565}.Release|x64.Build.0 = Release|x64
		{4A8C8D37-E53A-4445-B204-D30BA56AE565}.Release|x86.ActiveCfg = Release|Win32
		{4A8C8D37-E53A-4445-B204-D30BA56AE565}.Release|x86.Build.0 = Release|Win32
		{662C69EC-3334-4AD8-B6CA-0CD63844F058}.Debug|x64.ActiveCfg = Debug|x64
		{662C69EC-3334-4AD8-B6CA-0CD63844F058}.Debug|x64.Build.0 = Debug|x64
		{662C69EC-3334-4AD8-B6CA-0CD63844F058}.Debug|x86.ActiveCfg = Debug|Win32
		{662C69EC-3334-4AD8-B6CA-0CD63844F058}.Debug|x86.Build.0 = Debug|Win32
		{662C69EC-3334-4AD8-B6CA-0CD63844F058}.Release|x64.ActiveCfg = Release|x64
		{662C69EC-3334-4AD8-B6CA-0CD63844F058}.Release|x64.Build.0 = Release|x64
		{662C69EC-3334-4AD8-B6CA-0CD63844F058}.Release|x86.ActiveCfg = Release|Win32
		{662C69EC-3334-4AD8-B6CA-0CD63844F058}.Release|x86.Build.0 = Release|Win32
		{28D9A234-D958-41F4-B1D9-0B489757EE12}.Debug|x64.ActiveCfg = Debug|x64
		{28D9A234-D958-41F4-B1D9-0B489757EE12}.Debug|x64.Build.0 = Debug|x64
		{28D9A234-D958-41F4-B1D9-0B489757EE12}.Debug|x86.ActiveCfg = Debug|Win32
		{28D9A234-D958-41F4-B1D9-0B489757EE12}.Debug|x86.Build.0 = Debug|Win32
		{28D9A234-D958-41F4-B1D9-0B489757EE12}.Release|x64.ActiveCfg = Release|x64
		{28D9A234-D958-41F4-B1D9-0B489757EE12}.Release|x64.Build.0 = Release|x64
		{28D9A234-D958-41F4-B1D9-0B489757EE12}.Release|x86.ActiveCfg = Release|Win32
		{28D9A234-D958-41F4-B1D9-0B489757EE12}.Release|x86.Build.0 = Release|Win32
		{EA71BFD8-59A0-4882-A0D1-2575E7B655A3}.Debug|x64.ActiveCfg = Debug|x64
		{EA71BFD8-59A0-4882-A0D1-2575E7B655A3}.Debug|x64.Build.0 = Debug|x64
		{EA71BFD8-59A0-4882-A0D1-2575E7B655A3}.Debug|x86.ActiveCfg = Debug|Win32
		{EA71BFD8-59A0-4882-A0D1-2575E7B655A3}.Debug|x86.Build.0 = Debug|Win32
		{EA71BFD8-59A0-4882-A0D1-2575E7B655A3}.Release|x64.ActiveCfg = Release|x64
		{EA71BFD8-59A0-4882-A0D1-2575E7B655A3}.Release|x64.Build.0 = Release|x64
		{EA71BFD8-59A0-4882-A0D1-2575E7B655A3}.Release|x86.ActiveCfg = Release|Win32
		{EA71BFD8-59A0-4882-A0D1-2575E7B655A3}.Release|x86.Build.0 = Release|Win32
		{217CEEFE-41D9-44B0-8367-DDF60C9BFD40}.Debug|x64.ActiveCfg = Debug|x64
		{217CEEFE-41D9-44B0-8367-DDF60C9BFD40}.Debug|x64.Build.0 = Debug|x64
		{217CEEFE-41D9-44B0-8367-DDF60C9BFD40}.Debug|x86.ActiveCfg = Debug|Win32
		{217CEEFE-41D9-44B0-8367-DDF60C9BFD40}.Debug|x86.Build.0 = Debug|Win32
		{217CEEFE-41D9-44B0-8367-DDF60C9BFD40}.Release|x64.ActiveCfg = Release|x64
		{217CEEFE-41D9-44B0-8367-DDF60C9BFD40}.Release|x64.Build.0 = Release|x64
		{217CEEFE-41D9-44B0-8367-DDF60C9BFD40}.Release|x86.ActiveCfg = Release|Win32
		{217CEEFE-41D9-44B0-8367-DDF60C9BFD40}.Release|x86.Build.0 = Release|Win32
		{C66B9252-05F2-40D0-B495-A6DF8BCAB5F2}.Debug|x64.ActiveCfg = Debug|x64
		{C66B9252-05F2-40D0-B495-A6DF8BCAB5F2}.Debug|x64.Build.0 = Debug|x64
		{C66B9252-05F2-40D0-B495-A6DF8BCAB5F2}.Debug|x86.ActiveCfg = Debug|Win32
		{C66B9252-05F2-40D0-B495-A6DF8BCAB5F2}.Debug|x86.Build.0 = Debug|Win32
		{C66B9252-05F2-40D0-B495-A6DF8BCAB5F2}.Release|x64.ActiveCfg = Release|x64
		{C66B9252-05F2-40D0-B495-A6DF8BCAB5F2}.Release|x64.Build.0 = Release|x64
		{C66B9252-05F2-40D0-B495-A6DF8BCAB5F2}.Release|x86.ActiveCfg = Release|Win32
		{C66B9252-05F2-40D0-B495-A6DF8BCAB5F2}.Release|x86.Build.0 = Release|Win32
		{EE7E13A5-2133-4C6E-9F07-E4C08A370CDE}.Debug|x64.ActiveCfg = Debug|x64
		{EE7E13A5-2133-4C6E-9F07-E4C08A370CDE}.Debug|x64.Build.0 = Debug|x64
		{EE7E13A5-2133-4C6E-9F07-E4C08A370CDE}.Debug|x86.ActiveCfg = Debug|Win32
		{EE7E13A5-2133-4C6E-9F07-E4C08A370CDE}.Debug|x86.Build.0 = Debug|Win32
		{EE7E13A5-2133-4C6E-9F07-E4C08A370CDE}.Release|x64.ActiveCfg = Release|x64
		{EE7E13A5-2133-4C6E-9F07-E4C08A370CDE}.Release|x64.Build.0 = Release|x64
		{EE7E13A5-2133-4C6E-9F07-E4C08A370CDE}.Release|x86.ActiveCfg = Release|Win32
		{EE7E13A5-2133-4C6E-9F07-E4C08A370CDE}.Release|x86.Build.0 = Release|Win32
		{71C67198-1AAF-4C97-9AAE-798F767E6745}.Debug|x64.ActiveCfg = Debug|x64
		{71C67198-1AAF-4C97-9AAE-798F767E6745}.Debug|x64.Build.0 = Debug|x64
		{71C67198-1AAF-4C97-9AAE-798F767E6745}.Debug|x86.ActiveCfg = Debug|Win32
		{71C67198-1AAF-4C97-9AAE-798F767E6745}.Debug|x86.Build.0 = Debug|Win32
		{71C67198-1AAF-4C97-9AAE-798F767E6745}.Release|x64.ActiveCfg = Release|x64
		{71C67198-1AAF-4C97-9AAE-798F767E6745}.Release|x64.Build.0 = Release|x64
		{71C67198-1AAF-4C97-9AAE-798F767E6745}.Release|x86.ActiveCfg = Release|Win32
		{71C67198-1AAF-4C97-9AAE-798F767E6745}.Release|x86.Build.0 = Release|Win32
	EndGlobalSection
	GlobalSection(SolutionProperties) = preSolution
		HideSolutionNode = FALSE
	EndGlobalSection
	GlobalSection(ExtensibilityGlobals) = postSolution
		SolutionGuid = {3CF0A916-0911-4EC4-8EB2-B5120C0AED54}
	EndGlobalSection
EndGlobal
